// !$*UTF8*$!
{
	archiveVersion = 1;
	classes = {
	};
	objectVersion = 55;
	objects = {

/* Begin PBXBuildFile section */
		04EF0359286A5405000D67B7 /* LoginViewController.m in Sources */ = {isa = PBXBuildFile; fileRef = 04EF0358286A5405000D67B7 /* LoginViewController.m */; };
		04EF035C286A540E000D67B7 /* ProfileViewController.m in Sources */ = {isa = PBXBuildFile; fileRef = 04EF035B286A540E000D67B7 /* ProfileViewController.m */; };
		04EF035F286A5419000D67B7 /* ComposeViewController.m in Sources */ = {isa = PBXBuildFile; fileRef = 04EF035E286A5419000D67B7 /* ComposeViewController.m */; };
		04EF0362286A5421000D67B7 /* HomeViewController.m in Sources */ = {isa = PBXBuildFile; fileRef = 04EF0361286A5421000D67B7 /* HomeViewController.m */; };
		04EF036F286A6960000D67B7 /* Post.m in Sources */ = {isa = PBXBuildFile; fileRef = 04EF036E286A6960000D67B7 /* Post.m */; };
		04EF0372286A70A8000D67B7 /* PostCell.m in Sources */ = {isa = PBXBuildFile; fileRef = 04EF0371286A70A8000D67B7 /* PostCell.m */; };
		04EF0376286A8534000D67B7 /* DetailsViewController.m in Sources */ = {isa = PBXBuildFile; fileRef = 04EF0375286A8534000D67B7 /* DetailsViewController.m */; };
		04EF0379286B821C000D67B7 /* CommentsViewController.m in Sources */ = {isa = PBXBuildFile; fileRef = 04EF0378286B821C000D67B7 /* CommentsViewController.m */; };
		04EF037C286B8484000D67B7 /* CommentCell.m in Sources */ = {isa = PBXBuildFile; fileRef = 04EF037B286B8484000D67B7 /* CommentCell.m */; };
		04EF037F286B85E9000D67B7 /* Comment.m in Sources */ = {isa = PBXBuildFile; fileRef = 04EF037E286B85E9000D67B7 /* Comment.m */; };
		04F75AAC286A4A3000F13236 /* AppDelegate.m in Sources */ = {isa = PBXBuildFile; fileRef = 04F75AAB286A4A3000F13236 /* AppDelegate.m */; };
		04F75AAF286A4A3000F13236 /* SceneDelegate.m in Sources */ = {isa = PBXBuildFile; fileRef = 04F75AAE286A4A3000F13236 /* SceneDelegate.m */; };
		04F75AB5286A4A3000F13236 /* Main.storyboard in Resources */ = {isa = PBXBuildFile; fileRef = 04F75AB3286A4A3000F13236 /* Main.storyboard */; };
		04F75AB7286A4A3100F13236 /* Assets.xcassets in Resources */ = {isa = PBXBuildFile; fileRef = 04F75AB6286A4A3100F13236 /* Assets.xcassets */; };
		04F75ABA286A4A3100F13236 /* LaunchScreen.storyboard in Resources */ = {isa = PBXBuildFile; fileRef = 04F75AB8286A4A3100F13236 /* LaunchScreen.storyboard */; };
		04F75ABD286A4A3100F13236 /* main.m in Sources */ = {isa = PBXBuildFile; fileRef = 04F75ABC286A4A3100F13236 /* main.m */; };
		04F75AC7286A4A3100F13236 /* InstagramTests.m in Sources */ = {isa = PBXBuildFile; fileRef = 04F75AC6286A4A3100F13236 /* InstagramTests.m */; };
		04F75AD1286A4A3100F13236 /* InstagramUITests.m in Sources */ = {isa = PBXBuildFile; fileRef = 04F75AD0286A4A3100F13236 /* InstagramUITests.m */; };
		04F75AD3286A4A3100F13236 /* InstagramUITestsLaunchTests.m in Sources */ = {isa = PBXBuildFile; fileRef = 04F75AD2286A4A3100F13236 /* InstagramUITestsLaunchTests.m */; };
		04F75AE2286A4CFF00F13236 /* Keys.plist in Resources */ = {isa = PBXBuildFile; fileRef = 04F75AE1286A4CFF00F13236 /* Keys.plist */; };
		3AFD5DDD7507A59C4B8430B1 /* Pods_InstagramTests.framework in Frameworks */ = {isa = PBXBuildFile; fileRef = ABC117D6B2E9EFF007C15086 /* Pods_InstagramTests.framework */; };
		478DCA961F745C2F5C8285F8 /* Pods_Instagram.framework in Frameworks */ = {isa = PBXBuildFile; fileRef = 86EDACE08066DAB17550173C /* Pods_Instagram.framework */; };
		F4E941D068EB7B9BE4084038 /* Pods_Instagram_InstagramUITests.framework in Frameworks */ = {isa = PBXBuildFile; fileRef = 78D100AEEEAD8D69F7815992 /* Pods_Instagram_InstagramUITests.framework */; };
/* End PBXBuildFile section */

/* Begin PBXContainerItemProxy section */
		04F75AC3286A4A3100F13236 /* PBXContainerItemProxy */ = {
			isa = PBXContainerItemProxy;
			containerPortal = 04F75A9F286A4A3000F13236 /* Project object */;
			proxyType = 1;
			remoteGlobalIDString = 04F75AA6286A4A3000F13236;
			remoteInfo = Instagram;
		};
		04F75ACD286A4A3100F13236 /* PBXContainerItemProxy */ = {
			isa = PBXContainerItemProxy;
			containerPortal = 04F75A9F286A4A3000F13236 /* Project object */;
			proxyType = 1;
			remoteGlobalIDString = 04F75AA6286A4A3000F13236;
			remoteInfo = Instagram;
		};
/* End PBXContainerItemProxy section */

/* Begin PBXFileReference section */
		04EF0357286A5405000D67B7 /* LoginViewController.h */ = {isa = PBXFileReference; lastKnownFileType = sourcecode.c.h; path = LoginViewController.h; sourceTree = "<group>"; };
		04EF0358286A5405000D67B7 /* LoginViewController.m */ = {isa = PBXFileReference; lastKnownFileType = sourcecode.c.objc; path = LoginViewController.m; sourceTree = "<group>"; };
		04EF035A286A540E000D67B7 /* ProfileViewController.h */ = {isa = PBXFileReference; lastKnownFileType = sourcecode.c.h; path = ProfileViewController.h; sourceTree = "<group>"; };
		04EF035B286A540E000D67B7 /* ProfileViewController.m */ = {isa = PBXFileReference; lastKnownFileType = sourcecode.c.objc; path = ProfileViewController.m; sourceTree = "<group>"; };
		04EF035D286A5419000D67B7 /* ComposeViewController.h */ = {isa = PBXFileReference; lastKnownFileType = sourcecode.c.h; path = ComposeViewController.h; sourceTree = "<group>"; };
		04EF035E286A5419000D67B7 /* ComposeViewController.m */ = {isa = PBXFileReference; lastKnownFileType = sourcecode.c.objc; path = ComposeViewController.m; sourceTree = "<group>"; };
		04EF0360286A5421000D67B7 /* HomeViewController.h */ = {isa = PBXFileReference; lastKnownFileType = sourcecode.c.h; path = HomeViewController.h; sourceTree = "<group>"; };
		04EF0361286A5421000D67B7 /* HomeViewController.m */ = {isa = PBXFileReference; lastKnownFileType = sourcecode.c.objc; path = HomeViewController.m; sourceTree = "<group>"; };
		04EF036D286A6960000D67B7 /* Post.h */ = {isa = PBXFileReference; lastKnownFileType = sourcecode.c.h; path = Post.h; sourceTree = "<group>"; };
		04EF036E286A6960000D67B7 /* Post.m */ = {isa = PBXFileReference; lastKnownFileType = sourcecode.c.objc; path = Post.m; sourceTree = "<group>"; };
		04EF0370286A70A8000D67B7 /* PostCell.h */ = {isa = PBXFileReference; lastKnownFileType = sourcecode.c.h; path = PostCell.h; sourceTree = "<group>"; };
		04EF0371286A70A8000D67B7 /* PostCell.m */ = {isa = PBXFileReference; lastKnownFileType = sourcecode.c.objc; path = PostCell.m; sourceTree = "<group>"; };
		04EF0374286A8534000D67B7 /* DetailsViewController.h */ = {isa = PBXFileReference; lastKnownFileType = sourcecode.c.h; path = DetailsViewController.h; sourceTree = "<group>"; };
		04EF0375286A8534000D67B7 /* DetailsViewController.m */ = {isa = PBXFileReference; lastKnownFileType = sourcecode.c.objc; path = DetailsViewController.m; sourceTree = "<group>"; };
		04EF0377286B821C000D67B7 /* CommentsViewController.h */ = {isa = PBXFileReference; lastKnownFileType = sourcecode.c.h; path = CommentsViewController.h; sourceTree = "<group>"; };
		04EF0378286B821C000D67B7 /* CommentsViewController.m */ = {isa = PBXFileReference; lastKnownFileType = sourcecode.c.objc; path = CommentsViewController.m; sourceTree = "<group>"; };
		04EF037A286B8484000D67B7 /* CommentCell.h */ = {isa = PBXFileReference; lastKnownFileType = sourcecode.c.h; path = CommentCell.h; sourceTree = "<group>"; };
		04EF037B286B8484000D67B7 /* CommentCell.m */ = {isa = PBXFileReference; lastKnownFileType = sourcecode.c.objc; path = CommentCell.m; sourceTree = "<group>"; };
		04EF037D286B85E9000D67B7 /* Comment.h */ = {isa = PBXFileReference; lastKnownFileType = sourcecode.c.h; path = Comment.h; sourceTree = "<group>"; };
		04EF037E286B85E9000D67B7 /* Comment.m */ = {isa = PBXFileReference; lastKnownFileType = sourcecode.c.objc; path = Comment.m; sourceTree = "<group>"; };
		04F75AA7286A4A3000F13236 /* Instagram.app */ = {isa = PBXFileReference; explicitFileType = wrapper.application; includeInIndex = 0; path = Instagram.app; sourceTree = BUILT_PRODUCTS_DIR; };
		04F75AAA286A4A3000F13236 /* AppDelegate.h */ = {isa = PBXFileReference; lastKnownFileType = sourcecode.c.h; path = AppDelegate.h; sourceTree = "<group>"; };
		04F75AAB286A4A3000F13236 /* AppDelegate.m */ = {isa = PBXFileReference; lastKnownFileType = sourcecode.c.objc; path = AppDelegate.m; sourceTree = "<group>"; };
		04F75AAD286A4A3000F13236 /* SceneDelegate.h */ = {isa = PBXFileReference; lastKnownFileType = sourcecode.c.h; path = SceneDelegate.h; sourceTree = "<group>"; };
		04F75AAE286A4A3000F13236 /* SceneDelegate.m */ = {isa = PBXFileReference; lastKnownFileType = sourcecode.c.objc; path = SceneDelegate.m; sourceTree = "<group>"; };
		04F75AB4286A4A3000F13236 /* Base */ = {isa = PBXFileReference; lastKnownFileType = file.storyboard; name = Base; path = Base.lproj/Main.storyboard; sourceTree = "<group>"; };
		04F75AB6286A4A3100F13236 /* Assets.xcassets */ = {isa = PBXFileReference; lastKnownFileType = folder.assetcatalog; path = Assets.xcassets; sourceTree = "<group>"; };
		04F75AB9286A4A3100F13236 /* Base */ = {isa = PBXFileReference; lastKnownFileType = file.storyboard; name = Base; path = Base.lproj/LaunchScreen.storyboard; sourceTree = "<group>"; };
		04F75ABB286A4A3100F13236 /* Info.plist */ = {isa = PBXFileReference; lastKnownFileType = text.plist.xml; path = Info.plist; sourceTree = "<group>"; };
		04F75ABC286A4A3100F13236 /* main.m */ = {isa = PBXFileReference; lastKnownFileType = sourcecode.c.objc; path = main.m; sourceTree = "<group>"; };
		04F75AC2286A4A3100F13236 /* InstagramTests.xctest */ = {isa = PBXFileReference; explicitFileType = wrapper.cfbundle; includeInIndex = 0; path = InstagramTests.xctest; sourceTree = BUILT_PRODUCTS_DIR; };
		04F75AC6286A4A3100F13236 /* InstagramTests.m */ = {isa = PBXFileReference; lastKnownFileType = sourcecode.c.objc; path = InstagramTests.m; sourceTree = "<group>"; };
		04F75ACC286A4A3100F13236 /* InstagramUITests.xctest */ = {isa = PBXFileReference; explicitFileType = wrapper.cfbundle; includeInIndex = 0; path = InstagramUITests.xctest; sourceTree = BUILT_PRODUCTS_DIR; };
		04F75AD0286A4A3100F13236 /* InstagramUITests.m */ = {isa = PBXFileReference; lastKnownFileType = sourcecode.c.objc; path = InstagramUITests.m; sourceTree = "<group>"; };
		04F75AD2286A4A3100F13236 /* InstagramUITestsLaunchTests.m */ = {isa = PBXFileReference; lastKnownFileType = sourcecode.c.objc; path = InstagramUITestsLaunchTests.m; sourceTree = "<group>"; };
		04F75AE1286A4CFF00F13236 /* Keys.plist */ = {isa = PBXFileReference; lastKnownFileType = text.plist.xml; path = Keys.plist; sourceTree = "<group>"; };
		1D45D84A8F88D49C3A851756 /* Pods-InstagramTests.debug.xcconfig */ = {isa = PBXFileReference; includeInIndex = 1; lastKnownFileType = text.xcconfig; name = "Pods-InstagramTests.debug.xcconfig"; path = "Target Support Files/Pods-InstagramTests/Pods-InstagramTests.debug.xcconfig"; sourceTree = "<group>"; };
		5FA9811A28E27B054B0DE6B8 /* Pods-Instagram-InstagramUITests.debug.xcconfig */ = {isa = PBXFileReference; includeInIndex = 1; lastKnownFileType = text.xcconfig; name = "Pods-Instagram-InstagramUITests.debug.xcconfig"; path = "Target Support Files/Pods-Instagram-InstagramUITests/Pods-Instagram-InstagramUITests.debug.xcconfig"; sourceTree = "<group>"; };
		64B31D7BA64DEF2011A24EC9 /* Pods-InstagramTests.release.xcconfig */ = {isa = PBXFileReference; includeInIndex = 1; lastKnownFileType = text.xcconfig; name = "Pods-InstagramTests.release.xcconfig"; path = "Target Support Files/Pods-InstagramTests/Pods-InstagramTests.release.xcconfig"; sourceTree = "<group>"; };
		71CB1ECF22EC551DF2904B90 /* Pods-Instagram.debug.xcconfig */ = {isa = PBXFileReference; includeInIndex = 1; lastKnownFileType = text.xcconfig; name = "Pods-Instagram.debug.xcconfig"; path = "Target Support Files/Pods-Instagram/Pods-Instagram.debug.xcconfig"; sourceTree = "<group>"; };
		74F3CEBB9DF43032E210E1EE /* Pods-Instagram-InstagramUITests.release.xcconfig */ = {isa = PBXFileReference; includeInIndex = 1; lastKnownFileType = text.xcconfig; name = "Pods-Instagram-InstagramUITests.release.xcconfig"; path = "Target Support Files/Pods-Instagram-InstagramUITests/Pods-Instagram-InstagramUITests.release.xcconfig"; sourceTree = "<group>"; };
		78D100AEEEAD8D69F7815992 /* Pods_Instagram_InstagramUITests.framework */ = {isa = PBXFileReference; explicitFileType = wrapper.framework; includeInIndex = 0; path = Pods_Instagram_InstagramUITests.framework; sourceTree = BUILT_PRODUCTS_DIR; };
		86EDACE08066DAB17550173C /* Pods_Instagram.framework */ = {isa = PBXFileReference; explicitFileType = wrapper.framework; includeInIndex = 0; path = Pods_Instagram.framework; sourceTree = BUILT_PRODUCTS_DIR; };
		ABC117D6B2E9EFF007C15086 /* Pods_InstagramTests.framework */ = {isa = PBXFileReference; explicitFileType = wrapper.framework; includeInIndex = 0; path = Pods_InstagramTests.framework; sourceTree = BUILT_PRODUCTS_DIR; };
		EAA28DB8D4147B37084CD5BB /* Pods-Instagram.release.xcconfig */ = {isa = PBXFileReference; includeInIndex = 1; lastKnownFileType = text.xcconfig; name = "Pods-Instagram.release.xcconfig"; path = "Target Support Files/Pods-Instagram/Pods-Instagram.release.xcconfig"; sourceTree = "<group>"; };
/* End PBXFileReference section */

/* Begin PBXFrameworksBuildPhase section */
		04F75AA4286A4A3000F13236 /* Frameworks */ = {
			isa = PBXFrameworksBuildPhase;
			buildActionMask = 2147483647;
			files = (
				478DCA961F745C2F5C8285F8 /* Pods_Instagram.framework in Frameworks */,
			);
			runOnlyForDeploymentPostprocessing = 0;
		};
		04F75ABF286A4A3100F13236 /* Frameworks */ = {
			isa = PBXFrameworksBuildPhase;
			buildActionMask = 2147483647;
			files = (
				3AFD5DDD7507A59C4B8430B1 /* Pods_InstagramTests.framework in Frameworks */,
			);
			runOnlyForDeploymentPostprocessing = 0;
		};
		04F75AC9286A4A3100F13236 /* Frameworks */ = {
			isa = PBXFrameworksBuildPhase;
			buildActionMask = 2147483647;
			files = (
				F4E941D068EB7B9BE4084038 /* Pods_Instagram_InstagramUITests.framework in Frameworks */,
			);
			runOnlyForDeploymentPostprocessing = 0;
		};
/* End PBXFrameworksBuildPhase section */

/* Begin PBXGroup section */
		04EF0366286A5D55000D67B7 /* Models */ = {
			isa = PBXGroup;
			children = (
				04EF036D286A6960000D67B7 /* Post.h */,
				04EF036E286A6960000D67B7 /* Post.m */,
				04EF037D286B85E9000D67B7 /* Comment.h */,
				04EF037E286B85E9000D67B7 /* Comment.m */,
			);
			path = Models;
			sourceTree = "<group>";
		};
		04EF0373286A70AD000D67B7 /* Views */ = {
			isa = PBXGroup;
			children = (
				04EF0370286A70A8000D67B7 /* PostCell.h */,
				04EF0371286A70A8000D67B7 /* PostCell.m */,
				04EF037A286B8484000D67B7 /* CommentCell.h */,
				04EF037B286B8484000D67B7 /* CommentCell.m */,
			);
			path = Views;
			sourceTree = "<group>";
		};
		04F75A9E286A4A3000F13236 = {
			isa = PBXGroup;
			children = (
				04F75AA9286A4A3000F13236 /* Instagram */,
				04F75AC5286A4A3100F13236 /* InstagramTests */,
				04F75ACF286A4A3100F13236 /* InstagramUITests */,
				04F75AA8286A4A3000F13236 /* Products */,
				C79C828FFDB4DF3A7FB9E8AD /* Pods */,
				245FD387E5A5043D40B49F93 /* Frameworks */,
			);
			sourceTree = "<group>";
		};
		04F75AA8286A4A3000F13236 /* Products */ = {
			isa = PBXGroup;
			children = (
				04F75AA7286A4A3000F13236 /* Instagram.app */,
				04F75AC2286A4A3100F13236 /* InstagramTests.xctest */,
				04F75ACC286A4A3100F13236 /* InstagramUITests.xctest */,
			);
			name = Products;
			sourceTree = "<group>";
		};
		04F75AA9286A4A3000F13236 /* Instagram */ = {
			isa = PBXGroup;
			children = (
				04F75AE0286A4A4600F13236 /* View Controllers */,
				04EF0366286A5D55000D67B7 /* Models */,
				04EF0373286A70AD000D67B7 /* Views */,
				04F75ADF286A4A4000F13236 /* Storyboards */,
				04F75AAA286A4A3000F13236 /* AppDelegate.h */,
				04F75AAB286A4A3000F13236 /* AppDelegate.m */,
				04F75AAD286A4A3000F13236 /* SceneDelegate.h */,
				04F75AAE286A4A3000F13236 /* SceneDelegate.m */,
				04F75AB6286A4A3100F13236 /* Assets.xcassets */,
				04F75ABC286A4A3100F13236 /* main.m */,
				04F75ABB286A4A3100F13236 /* Info.plist */,
				04F75AE1286A4CFF00F13236 /* Keys.plist */,
			);
			path = Instagram;
			sourceTree = "<group>";
		};
		04F75AC5286A4A3100F13236 /* InstagramTests */ = {
			isa = PBXGroup;
			children = (
				04F75AC6286A4A3100F13236 /* InstagramTests.m */,
			);
			path = InstagramTests;
			sourceTree = "<group>";
		};
		04F75ACF286A4A3100F13236 /* InstagramUITests */ = {
			isa = PBXGroup;
			children = (
				04F75AD0286A4A3100F13236 /* InstagramUITests.m */,
				04F75AD2286A4A3100F13236 /* InstagramUITestsLaunchTests.m */,
			);
			path = InstagramUITests;
			sourceTree = "<group>";
		};
		04F75ADF286A4A4000F13236 /* Storyboards */ = {
			isa = PBXGroup;
			children = (
				04F75AB3286A4A3000F13236 /* Main.storyboard */,
				04F75AB8286A4A3100F13236 /* LaunchScreen.storyboard */,
			);
			path = Storyboards;
			sourceTree = "<group>";
		};
		04F75AE0286A4A4600F13236 /* View Controllers */ = {
			isa = PBXGroup;
			children = (
				04EF0357286A5405000D67B7 /* LoginViewController.h */,
				04EF0358286A5405000D67B7 /* LoginViewController.m */,
				04EF0360286A5421000D67B7 /* HomeViewController.h */,
				04EF0361286A5421000D67B7 /* HomeViewController.m */,
				04EF035A286A540E000D67B7 /* ProfileViewController.h */,
				04EF035B286A540E000D67B7 /* ProfileViewController.m */,
				04EF035D286A5419000D67B7 /* ComposeViewController.h */,
				04EF035E286A5419000D67B7 /* ComposeViewController.m */,
				04EF0374286A8534000D67B7 /* DetailsViewController.h */,
				04EF0375286A8534000D67B7 /* DetailsViewController.m */,
				04EF0377286B821C000D67B7 /* CommentsViewController.h */,
				04EF0378286B821C000D67B7 /* CommentsViewController.m */,
			);
			path = "View Controllers";
			sourceTree = "<group>";
		};
		245FD387E5A5043D40B49F93 /* Frameworks */ = {
			isa = PBXGroup;
			children = (
				86EDACE08066DAB17550173C /* Pods_Instagram.framework */,
				78D100AEEEAD8D69F7815992 /* Pods_Instagram_InstagramUITests.framework */,
				ABC117D6B2E9EFF007C15086 /* Pods_InstagramTests.framework */,
			);
			name = Frameworks;
			sourceTree = "<group>";
		};
		C79C828FFDB4DF3A7FB9E8AD /* Pods */ = {
			isa = PBXGroup;
			children = (
				71CB1ECF22EC551DF2904B90 /* Pods-Instagram.debug.xcconfig */,
				EAA28DB8D4147B37084CD5BB /* Pods-Instagram.release.xcconfig */,
				5FA9811A28E27B054B0DE6B8 /* Pods-Instagram-InstagramUITests.debug.xcconfig */,
				74F3CEBB9DF43032E210E1EE /* Pods-Instagram-InstagramUITests.release.xcconfig */,
				1D45D84A8F88D49C3A851756 /* Pods-InstagramTests.debug.xcconfig */,
				64B31D7BA64DEF2011A24EC9 /* Pods-InstagramTests.release.xcconfig */,
			);
			path = Pods;
			sourceTree = "<group>";
		};
/* End PBXGroup section */

/* Begin PBXNativeTarget section */
		04F75AA6286A4A3000F13236 /* Instagram */ = {
			isa = PBXNativeTarget;
			buildConfigurationList = 04F75AD6286A4A3100F13236 /* Build configuration list for PBXNativeTarget "Instagram" */;
			buildPhases = (
				9C902EC8E2DB87317292EAC0 /* [CP] Check Pods Manifest.lock */,
				04F75AA3286A4A3000F13236 /* Sources */,
				04F75AA4286A4A3000F13236 /* Frameworks */,
				04F75AA5286A4A3000F13236 /* Resources */,
				30224B0B47476946E606A4C0 /* [CP] Embed Pods Frameworks */,
			);
			buildRules = (
			);
			dependencies = (
			);
			name = Instagram;
			productName = Instagram;
			productReference = 04F75AA7286A4A3000F13236 /* Instagram.app */;
			productType = "com.apple.product-type.application";
		};
		04F75AC1286A4A3100F13236 /* InstagramTests */ = {
			isa = PBXNativeTarget;
			buildConfigurationList = 04F75AD9286A4A3100F13236 /* Build configuration list for PBXNativeTarget "InstagramTests" */;
			buildPhases = (
				DDD7675B86966C90208DFEF3 /* [CP] Check Pods Manifest.lock */,
				04F75ABE286A4A3100F13236 /* Sources */,
				04F75ABF286A4A3100F13236 /* Frameworks */,
				04F75AC0286A4A3100F13236 /* Resources */,
			);
			buildRules = (
			);
			dependencies = (
				04F75AC4286A4A3100F13236 /* PBXTargetDependency */,
			);
			name = InstagramTests;
			productName = InstagramTests;
			productReference = 04F75AC2286A4A3100F13236 /* InstagramTests.xctest */;
			productType = "com.apple.product-type.bundle.unit-test";
		};
		04F75ACB286A4A3100F13236 /* InstagramUITests */ = {
			isa = PBXNativeTarget;
			buildConfigurationList = 04F75ADC286A4A3100F13236 /* Build configuration list for PBXNativeTarget "InstagramUITests" */;
			buildPhases = (
				116689A9E6C1D4382F9560F6 /* [CP] Check Pods Manifest.lock */,
				04F75AC8286A4A3100F13236 /* Sources */,
				04F75AC9286A4A3100F13236 /* Frameworks */,
				04F75ACA286A4A3100F13236 /* Resources */,
				EFFC530B57CA6AD3A26B83AB /* [CP] Embed Pods Frameworks */,
			);
			buildRules = (
			);
			dependencies = (
				04F75ACE286A4A3100F13236 /* PBXTargetDependency */,
			);
			name = InstagramUITests;
			productName = InstagramUITests;
			productReference = 04F75ACC286A4A3100F13236 /* InstagramUITests.xctest */;
			productType = "com.apple.product-type.bundle.ui-testing";
		};
/* End PBXNativeTarget section */

/* Begin PBXProject section */
		04F75A9F286A4A3000F13236 /* Project object */ = {
			isa = PBXProject;
			attributes = {
				BuildIndependentTargetsInParallel = 1;
				LastUpgradeCheck = 1340;
				TargetAttributes = {
					04F75AA6286A4A3000F13236 = {
						CreatedOnToolsVersion = 13.4.1;
					};
					04F75AC1286A4A3100F13236 = {
						CreatedOnToolsVersion = 13.4.1;
						TestTargetID = 04F75AA6286A4A3000F13236;
					};
					04F75ACB286A4A3100F13236 = {
						CreatedOnToolsVersion = 13.4.1;
						TestTargetID = 04F75AA6286A4A3000F13236;
					};
				};
			};
			buildConfigurationList = 04F75AA2286A4A3000F13236 /* Build configuration list for PBXProject "Instagram" */;
			compatibilityVersion = "Xcode 13.0";
			developmentRegion = en;
			hasScannedForEncodings = 0;
			knownRegions = (
				en,
				Base,
			);
			mainGroup = 04F75A9E286A4A3000F13236;
			productRefGroup = 04F75AA8286A4A3000F13236 /* Products */;
			projectDirPath = "";
			projectRoot = "";
			targets = (
				04F75AA6286A4A3000F13236 /* Instagram */,
				04F75AC1286A4A3100F13236 /* InstagramTests */,
				04F75ACB286A4A3100F13236 /* InstagramUITests */,
			);
		};
/* End PBXProject section */

/* Begin PBXResourcesBuildPhase section */
		04F75AA5286A4A3000F13236 /* Resources */ = {
			isa = PBXResourcesBuildPhase;
			buildActionMask = 2147483647;
			files = (
				04F75AE2286A4CFF00F13236 /* Keys.plist in Resources */,
				04F75ABA286A4A3100F13236 /* LaunchScreen.storyboard in Resources */,
				04F75AB7286A4A3100F13236 /* Assets.xcassets in Resources */,
				04F75AB5286A4A3000F13236 /* Main.storyboard in Resources */,
			);
			runOnlyForDeploymentPostprocessing = 0;
		};
		04F75AC0286A4A3100F13236 /* Resources */ = {
			isa = PBXResourcesBuildPhase;
			buildActionMask = 2147483647;
			files = (
			);
			runOnlyForDeploymentPostprocessing = 0;
		};
		04F75ACA286A4A3100F13236 /* Resources */ = {
			isa = PBXResourcesBuildPhase;
			buildActionMask = 2147483647;
			files = (
			);
			runOnlyForDeploymentPostprocessing = 0;
		};
/* End PBXResourcesBuildPhase section */

/* Begin PBXShellScriptBuildPhase section */
		116689A9E6C1D4382F9560F6 /* [CP] Check Pods Manifest.lock */ = {
			isa = PBXShellScriptBuildPhase;
			buildActionMask = 2147483647;
			files = (
			);
			inputFileListPaths = (
			);
			inputPaths = (
				"${PODS_PODFILE_DIR_PATH}/Podfile.lock",
				"${PODS_ROOT}/Manifest.lock",
			);
			name = "[CP] Check Pods Manifest.lock";
			outputFileListPaths = (
			);
			outputPaths = (
				"$(DERIVED_FILE_DIR)/Pods-Instagram-InstagramUITests-checkManifestLockResult.txt",
			);
			runOnlyForDeploymentPostprocessing = 0;
			shellPath = /bin/sh;
			shellScript = "diff \"${PODS_PODFILE_DIR_PATH}/Podfile.lock\" \"${PODS_ROOT}/Manifest.lock\" > /dev/null\nif [ $? != 0 ] ; then\n    # print error to STDERR\n    echo \"error: The sandbox is not in sync with the Podfile.lock. Run 'pod install' or update your CocoaPods installation.\" >&2\n    exit 1\nfi\n# This output is used by Xcode 'outputs' to avoid re-running this script phase.\necho \"SUCCESS\" > \"${SCRIPT_OUTPUT_FILE_0}\"\n";
			showEnvVarsInLog = 0;
		};
		30224B0B47476946E606A4C0 /* [CP] Embed Pods Frameworks */ = {
			isa = PBXShellScriptBuildPhase;
			buildActionMask = 2147483647;
			files = (
			);
			inputFileListPaths = (
				"${PODS_ROOT}/Target Support Files/Pods-Instagram/Pods-Instagram-frameworks-${CONFIGURATION}-input-files.xcfilelist",
			);
			name = "[CP] Embed Pods Frameworks";
			outputFileListPaths = (
				"${PODS_ROOT}/Target Support Files/Pods-Instagram/Pods-Instagram-frameworks-${CONFIGURATION}-output-files.xcfilelist",
			);
			runOnlyForDeploymentPostprocessing = 0;
			shellPath = /bin/sh;
			shellScript = "\"${PODS_ROOT}/Target Support Files/Pods-Instagram/Pods-Instagram-frameworks.sh\"\n";
			showEnvVarsInLog = 0;
		};
		9C902EC8E2DB87317292EAC0 /* [CP] Check Pods Manifest.lock */ = {
			isa = PBXShellScriptBuildPhase;
			buildActionMask = 2147483647;
			files = (
			);
			inputFileListPaths = (
			);
			inputPaths = (
				"${PODS_PODFILE_DIR_PATH}/Podfile.lock",
				"${PODS_ROOT}/Manifest.lock",
			);
			name = "[CP] Check Pods Manifest.lock";
			outputFileListPaths = (
			);
			outputPaths = (
				"$(DERIVED_FILE_DIR)/Pods-Instagram-checkManifestLockResult.txt",
			);
			runOnlyForDeploymentPostprocessing = 0;
			shellPath = /bin/sh;
			shellScript = "diff \"${PODS_PODFILE_DIR_PATH}/Podfile.lock\" \"${PODS_ROOT}/Manifest.lock\" > /dev/null\nif [ $? != 0 ] ; then\n    # print error to STDERR\n    echo \"error: The sandbox is not in sync with the Podfile.lock. Run 'pod install' or update your CocoaPods installation.\" >&2\n    exit 1\nfi\n# This output is used by Xcode 'outputs' to avoid re-running this script phase.\necho \"SUCCESS\" > \"${SCRIPT_OUTPUT_FILE_0}\"\n";
			showEnvVarsInLog = 0;
		};
		DDD7675B86966C90208DFEF3 /* [CP] Check Pods Manifest.lock */ = {
			isa = PBXShellScriptBuildPhase;
			buildActionMask = 2147483647;
			files = (
			);
			inputFileListPaths = (
			);
			inputPaths = (
				"${PODS_PODFILE_DIR_PATH}/Podfile.lock",
				"${PODS_ROOT}/Manifest.lock",
			);
			name = "[CP] Check Pods Manifest.lock";
			outputFileListPaths = (
			);
			outputPaths = (
				"$(DERIVED_FILE_DIR)/Pods-InstagramTests-checkManifestLockResult.txt",
			);
			runOnlyForDeploymentPostprocessing = 0;
			shellPath = /bin/sh;
			shellScript = "diff \"${PODS_PODFILE_DIR_PATH}/Podfile.lock\" \"${PODS_ROOT}/Manifest.lock\" > /dev/null\nif [ $? != 0 ] ; then\n    # print error to STDERR\n    echo \"error: The sandbox is not in sync with the Podfile.lock. Run 'pod install' or update your CocoaPods installation.\" >&2\n    exit 1\nfi\n# This output is used by Xcode 'outputs' to avoid re-running this script phase.\necho \"SUCCESS\" > \"${SCRIPT_OUTPUT_FILE_0}\"\n";
			showEnvVarsInLog = 0;
		};
		EFFC530B57CA6AD3A26B83AB /* [CP] Embed Pods Frameworks */ = {
			isa = PBXShellScriptBuildPhase;
			buildActionMask = 2147483647;
			files = (
			);
			inputFileListPaths = (
				"${PODS_ROOT}/Target Support Files/Pods-Instagram-InstagramUITests/Pods-Instagram-InstagramUITests-frameworks-${CONFIGURATION}-input-files.xcfilelist",
			);
			name = "[CP] Embed Pods Frameworks";
			outputFileListPaths = (
				"${PODS_ROOT}/Target Support Files/Pods-Instagram-InstagramUITests/Pods-Instagram-InstagramUITests-frameworks-${CONFIGURATION}-output-files.xcfilelist",
			);
			runOnlyForDeploymentPostprocessing = 0;
			shellPath = /bin/sh;
			shellScript = "\"${PODS_ROOT}/Target Support Files/Pods-Instagram-InstagramUITests/Pods-Instagram-InstagramUITests-frameworks.sh\"\n";
			showEnvVarsInLog = 0;
		};
/* End PBXShellScriptBuildPhase section */

/* Begin PBXSourcesBuildPhase section */
		04F75AA3286A4A3000F13236 /* Sources */ = {
			isa = PBXSourcesBuildPhase;
			buildActionMask = 2147483647;
			files = (
				04EF0359286A5405000D67B7 /* LoginViewController.m in Sources */,
				04EF0376286A8534000D67B7 /* DetailsViewController.m in Sources */,
				04EF0379286B821C000D67B7 /* CommentsViewController.m in Sources */,
				04F75AAC286A4A3000F13236 /* AppDelegate.m in Sources */,
				04F75ABD286A4A3100F13236 /* main.m in Sources */,
				04EF035F286A5419000D67B7 /* ComposeViewController.m in Sources */,
				04F75AAF286A4A3000F13236 /* SceneDelegate.m in Sources */,
				04EF037C286B8484000D67B7 /* CommentCell.m in Sources */,
				04EF037F286B85E9000D67B7 /* Comment.m in Sources */,
				04EF0372286A70A8000D67B7 /* PostCell.m in Sources */,
				04EF0362286A5421000D67B7 /* HomeViewController.m in Sources */,
				04EF035C286A540E000D67B7 /* ProfileViewController.m in Sources */,
				04EF036F286A6960000D67B7 /* Post.m in Sources */,
			);
			runOnlyForDeploymentPostprocessing = 0;
		};
		04F75ABE286A4A3100F13236 /* Sources */ = {
			isa = PBXSourcesBuildPhase;
			buildActionMask = 2147483647;
			files = (
				04F75AC7286A4A3100F13236 /* InstagramTests.m in Sources */,
			);
			runOnlyForDeploymentPostprocessing = 0;
		};
		04F75AC8286A4A3100F13236 /* Sources */ = {
			isa = PBXSourcesBuildPhase;
			buildActionMask = 2147483647;
			files = (
				04F75AD1286A4A3100F13236 /* InstagramUITests.m in Sources */,
				04F75AD3286A4A3100F13236 /* InstagramUITestsLaunchTests.m in Sources */,
			);
			runOnlyForDeploymentPostprocessing = 0;
		};
/* End PBXSourcesBuildPhase section */

/* Begin PBXTargetDependency section */
		04F75AC4286A4A3100F13236 /* PBXTargetDependency */ = {
			isa = PBXTargetDependency;
			target = 04F75AA6286A4A3000F13236 /* Instagram */;
			targetProxy = 04F75AC3286A4A3100F13236 /* PBXContainerItemProxy */;
		};
		04F75ACE286A4A3100F13236 /* PBXTargetDependency */ = {
			isa = PBXTargetDependency;
			target = 04F75AA6286A4A3000F13236 /* Instagram */;
			targetProxy = 04F75ACD286A4A3100F13236 /* PBXContainerItemProxy */;
		};
/* End PBXTargetDependency section */

/* Begin PBXVariantGroup section */
		04F75AB3286A4A3000F13236 /* Main.storyboard */ = {
			isa = PBXVariantGroup;
			children = (
				04F75AB4286A4A3000F13236 /* Base */,
			);
			name = Main.storyboard;
			sourceTree = "<group>";
		};
		04F75AB8286A4A3100F13236 /* LaunchScreen.storyboard */ = {
			isa = PBXVariantGroup;
			children = (
				04F75AB9286A4A3100F13236 /* Base */,
			);
			name = LaunchScreen.storyboard;
			sourceTree = "<group>";
		};
/* End PBXVariantGroup section */

/* Begin XCBuildConfiguration section */
		04F75AD4286A4A3100F13236 /* Debug */ = {
			isa = XCBuildConfiguration;
			buildSettings = {
				ALWAYS_SEARCH_USER_PATHS = NO;
				CLANG_ANALYZER_NONNULL = YES;
				CLANG_ANALYZER_NUMBER_OBJECT_CONVERSION = YES_AGGRESSIVE;
				CLANG_CXX_LANGUAGE_STANDARD = "gnu++17";
				CLANG_ENABLE_MODULES = YES;
				CLANG_ENABLE_OBJC_ARC = YES;
				CLANG_ENABLE_OBJC_WEAK = YES;
				CLANG_WARN_BLOCK_CAPTURE_AUTORELEASING = YES;
				CLANG_WARN_BOOL_CONVERSION = YES;
				CLANG_WARN_COMMA = YES;
				CLANG_WARN_CONSTANT_CONVERSION = YES;
				CLANG_WARN_DEPRECATED_OBJC_IMPLEMENTATIONS = YES;
				CLANG_WARN_DIRECT_OBJC_ISA_USAGE = YES_ERROR;
				CLANG_WARN_DOCUMENTATION_COMMENTS = YES;
				CLANG_WARN_EMPTY_BODY = YES;
				CLANG_WARN_ENUM_CONVERSION = YES;
				CLANG_WARN_INFINITE_RECURSION = YES;
				CLANG_WARN_INT_CONVERSION = YES;
				CLANG_WARN_NON_LITERAL_NULL_CONVERSION = YES;
				CLANG_WARN_OBJC_IMPLICIT_RETAIN_SELF = YES;
				CLANG_WARN_OBJC_LITERAL_CONVERSION = YES;
				CLANG_WARN_OBJC_ROOT_CLASS = YES_ERROR;
				CLANG_WARN_QUOTED_INCLUDE_IN_FRAMEWORK_HEADER = YES;
				CLANG_WARN_RANGE_LOOP_ANALYSIS = YES;
				CLANG_WARN_STRICT_PROTOTYPES = YES;
				CLANG_WARN_SUSPICIOUS_MOVE = YES;
				CLANG_WARN_UNGUARDED_AVAILABILITY = YES_AGGRESSIVE;
				CLANG_WARN_UNREACHABLE_CODE = YES;
				CLANG_WARN__DUPLICATE_METHOD_MATCH = YES;
				COPY_PHASE_STRIP = NO;
				DEBUG_INFORMATION_FORMAT = dwarf;
				ENABLE_STRICT_OBJC_MSGSEND = YES;
				ENABLE_TESTABILITY = YES;
				GCC_C_LANGUAGE_STANDARD = gnu11;
				GCC_DYNAMIC_NO_PIC = NO;
				GCC_NO_COMMON_BLOCKS = YES;
				GCC_OPTIMIZATION_LEVEL = 0;
				GCC_PREPROCESSOR_DEFINITIONS = (
					"DEBUG=1",
					"$(inherited)",
				);
				GCC_WARN_64_TO_32_BIT_CONVERSION = YES;
				GCC_WARN_ABOUT_RETURN_TYPE = YES_ERROR;
				GCC_WARN_UNDECLARED_SELECTOR = YES;
				GCC_WARN_UNINITIALIZED_AUTOS = YES_AGGRESSIVE;
				GCC_WARN_UNUSED_FUNCTION = YES;
				GCC_WARN_UNUSED_VARIABLE = YES;
				IPHONEOS_DEPLOYMENT_TARGET = 15.5;
				MTL_ENABLE_DEBUG_INFO = INCLUDE_SOURCE;
				MTL_FAST_MATH = YES;
				ONLY_ACTIVE_ARCH = YES;
				SDKROOT = iphoneos;
			};
			name = Debug;
		};
		04F75AD5286A4A3100F13236 /* Release */ = {
			isa = XCBuildConfiguration;
			buildSettings = {
				ALWAYS_SEARCH_USER_PATHS = NO;
				CLANG_ANALYZER_NONNULL = YES;
				CLANG_ANALYZER_NUMBER_OBJECT_CONVERSION = YES_AGGRESSIVE;
				CLANG_CXX_LANGUAGE_STANDARD = "gnu++17";
				CLANG_ENABLE_MODULES = YES;
				CLANG_ENABLE_OBJC_ARC = YES;
				CLANG_ENABLE_OBJC_WEAK = YES;
				CLANG_WARN_BLOCK_CAPTURE_AUTORELEASING = YES;
				CLANG_WARN_BOOL_CONVERSION = YES;
				CLANG_WARN_COMMA = YES;
				CLANG_WARN_CONSTANT_CONVERSION = YES;
				CLANG_WARN_DEPRECATED_OBJC_IMPLEMENTATIONS = YES;
				CLANG_WARN_DIRECT_OBJC_ISA_USAGE = YES_ERROR;
				CLANG_WARN_DOCUMENTATION_COMMENTS = YES;
				CLANG_WARN_EMPTY_BODY = YES;
				CLANG_WARN_ENUM_CONVERSION = YES;
				CLANG_WARN_INFINITE_RECURSION = YES;
				CLANG_WARN_INT_CONVERSION = YES;
				CLANG_WARN_NON_LITERAL_NULL_CONVERSION = YES;
				CLANG_WARN_OBJC_IMPLICIT_RETAIN_SELF = YES;
				CLANG_WARN_OBJC_LITERAL_CONVERSION = YES;
				CLANG_WARN_OBJC_ROOT_CLASS = YES_ERROR;
				CLANG_WARN_QUOTED_INCLUDE_IN_FRAMEWORK_HEADER = YES;
				CLANG_WARN_RANGE_LOOP_ANALYSIS = YES;
				CLANG_WARN_STRICT_PROTOTYPES = YES;
				CLANG_WARN_SUSPICIOUS_MOVE = YES;
				CLANG_WARN_UNGUARDED_AVAILABILITY = YES_AGGRESSIVE;
				CLANG_WARN_UNREACHABLE_CODE = YES;
				CLANG_WARN__DUPLICATE_METHOD_MATCH = YES;
				COPY_PHASE_STRIP = NO;
				DEBUG_INFORMATION_FORMAT = "dwarf-with-dsym";
				ENABLE_NS_ASSERTIONS = NO;
				ENABLE_STRICT_OBJC_MSGSEND = YES;
				GCC_C_LANGUAGE_STANDARD = gnu11;
				GCC_NO_COMMON_BLOCKS = YES;
				GCC_WARN_64_TO_32_BIT_CONVERSION = YES;
				GCC_WARN_ABOUT_RETURN_TYPE = YES_ERROR;
				GCC_WARN_UNDECLARED_SELECTOR = YES;
				GCC_WARN_UNINITIALIZED_AUTOS = YES_AGGRESSIVE;
				GCC_WARN_UNUSED_FUNCTION = YES;
				GCC_WARN_UNUSED_VARIABLE = YES;
				IPHONEOS_DEPLOYMENT_TARGET = 15.5;
				MTL_ENABLE_DEBUG_INFO = NO;
				MTL_FAST_MATH = YES;
				SDKROOT = iphoneos;
				VALIDATE_PRODUCT = YES;
			};
			name = Release;
		};
		04F75AD7286A4A3100F13236 /* Debug */ = {
			isa = XCBuildConfiguration;
			baseConfigurationReference = 71CB1ECF22EC551DF2904B90 /* Pods-Instagram.debug.xcconfig */;
			buildSettings = {
				ASSETCATALOG_COMPILER_APPICON_NAME = AppIcon;
				ASSETCATALOG_COMPILER_GLOBAL_ACCENT_COLOR_NAME = AccentColor;
				CODE_SIGN_STYLE = Automatic;
				CURRENT_PROJECT_VERSION = 1;
				DEVELOPMENT_TEAM = 85WMB29R8U;
				GENERATE_INFOPLIST_FILE = YES;
				INFOPLIST_FILE = Instagram/Info.plist;
				INFOPLIST_KEY_UIApplicationSupportsIndirectInputEvents = YES;
				INFOPLIST_KEY_UILaunchStoryboardName = LaunchScreen;
				INFOPLIST_KEY_UIMainStoryboardFile = Main;
				INFOPLIST_KEY_UISupportedInterfaceOrientations_iPad = "UIInterfaceOrientationPortrait UIInterfaceOrientationPortraitUpsideDown UIInterfaceOrientationLandscapeLeft UIInterfaceOrientationLandscapeRight";
				INFOPLIST_KEY_UISupportedInterfaceOrientations_iPhone = "UIInterfaceOrientationPortrait UIInterfaceOrientationLandscapeLeft UIInterfaceOrientationLandscapeRight";
				LD_RUNPATH_SEARCH_PATHS = (
					"$(inherited)",
					"@executable_path/Frameworks",
				);
				MARKETING_VERSION = 1.0;
				PRODUCT_BUNDLE_IDENTIFIER = com.codepath.Instagram;
				PRODUCT_NAME = "$(TARGET_NAME)";
				SWIFT_EMIT_LOC_STRINGS = YES;
				TARGETED_DEVICE_FAMILY = "1,2";
			};
			name = Debug;
		};
		04F75AD8286A4A3100F13236 /* Release */ = {
			isa = XCBuildConfiguration;
			baseConfigurationReference = EAA28DB8D4147B37084CD5BB /* Pods-Instagram.release.xcconfig */;
			buildSettings = {
				ASSETCATALOG_COMPILER_APPICON_NAME = AppIcon;
				ASSETCATALOG_COMPILER_GLOBAL_ACCENT_COLOR_NAME = AccentColor;
				CODE_SIGN_STYLE = Automatic;
				CURRENT_PROJECT_VERSION = 1;
				DEVELOPMENT_TEAM = 85WMB29R8U;
				GENERATE_INFOPLIST_FILE = YES;
				INFOPLIST_FILE = Instagram/Info.plist;
				INFOPLIST_KEY_UIApplicationSupportsIndirectInputEvents = YES;
				INFOPLIST_KEY_UILaunchStoryboardName = LaunchScreen;
				INFOPLIST_KEY_UIMainStoryboardFile = Main;
				INFOPLIST_KEY_UISupportedInterfaceOrientations_iPad = "UIInterfaceOrientationPortrait UIInterfaceOrientationPortraitUpsideDown UIInterfaceOrientationLandscapeLeft UIInterfaceOrientationLandscapeRight";
				INFOPLIST_KEY_UISupportedInterfaceOrientations_iPhone = "UIInterfaceOrientationPortrait UIInterfaceOrientationLandscapeLeft UIInterfaceOrientationLandscapeRight";
				LD_RUNPATH_SEARCH_PATHS = (
					"$(inherited)",
					"@executable_path/Frameworks",
				);
				MARKETING_VERSION = 1.0;
				PRODUCT_BUNDLE_IDENTIFIER = com.codepath.Instagram;
				PRODUCT_NAME = "$(TARGET_NAME)";
				SWIFT_EMIT_LOC_STRINGS = YES;
				TARGETED_DEVICE_FAMILY = "1,2";
			};
			name = Release;
		};
		04F75ADA286A4A3100F13236 /* Debug */ = {
			isa = XCBuildConfiguration;
			baseConfigurationReference = 1D45D84A8F88D49C3A851756 /* Pods-InstagramTests.debug.xcconfig */;
			buildSettings = {
				BUNDLE_LOADER = "$(TEST_HOST)";
				CODE_SIGN_STYLE = Automatic;
				CURRENT_PROJECT_VERSION = 1;
				DEVELOPMENT_TEAM = 85WMB29R8U;
				GENERATE_INFOPLIST_FILE = YES;
				IPHONEOS_DEPLOYMENT_TARGET = 15.5;
				MARKETING_VERSION = 1.0;
				PRODUCT_BUNDLE_IDENTIFIER = com.codepath.InstagramTests;
				PRODUCT_NAME = "$(TARGET_NAME)";
				SWIFT_EMIT_LOC_STRINGS = NO;
				TARGETED_DEVICE_FAMILY = "1,2";
				TEST_HOST = "$(BUILT_PRODUCTS_DIR)/Instagram.app/Instagram";
			};
			name = Debug;
		};
		04F75ADB286A4A3100F13236 /* Release */ = {
			isa = XCBuildConfiguration;
			baseConfigurationReference = 64B31D7BA64DEF2011A24EC9 /* Pods-InstagramTests.release.xcconfig */;
			buildSettings = {
				BUNDLE_LOADER = "$(TEST_HOST)";
				CODE_SIGN_STYLE = Automatic;
				CURRENT_PROJECT_VERSION = 1;
				DEVELOPMENT_TEAM = 85WMB29R8U;
				GENERATE_INFOPLIST_FILE = YES;
				IPHONEOS_DEPLOYMENT_TARGET = 15.5;
				MARKETING_VERSION = 1.0;
				PRODUCT_BUNDLE_IDENTIFIER = com.codepath.InstagramTests;
				PRODUCT_NAME = "$(TARGET_NAME)";
				SWIFT_EMIT_LOC_STRINGS = NO;
				TARGETED_DEVICE_FAMILY = "1,2";
				TEST_HOST = "$(BUILT_PRODUCTS_DIR)/Instagram.app/Instagram";
			};
			name = Release;
		};
		04F75ADD286A4A3100F13236 /* Debug */ = {
			isa = XCBuildConfiguration;
			baseConfigurationReference = 5FA9811A28E27B054B0DE6B8 /* Pods-Instagram-InstagramUITests.debug.xcconfig */;
			buildSettings = {
				CODE_SIGN_STYLE = Automatic;
				CURRENT_PROJECT_VERSION = 1;
				DEVELOPMENT_TEAM = 85WMB29R8U;
				GENERATE_INFOPLIST_FILE = YES;
				MARKETING_VERSION = 1.0;
				PRODUCT_BUNDLE_IDENTIFIER = com.codepath.InstagramUITests;
				PRODUCT_NAME = "$(TARGET_NAME)";
				SWIFT_EMIT_LOC_STRINGS = NO;
				TARGETED_DEVICE_FAMILY = "1,2";
				TEST_TARGET_NAME = Instagram;
			};
			name = Debug;
		};
		04F75ADE286A4A3100F13236 /* Release */ = {
			isa = XCBuildConfiguration;
			baseConfigurationReference = 74F3CEBB9DF43032E210E1EE /* Pods-Instagram-InstagramUITests.release.xcconfig */;
			buildSettings = {
				CODE_SIGN_STYLE = Automatic;
				CURRENT_PROJECT_VERSION = 1;
				DEVELOPMENT_TEAM = 85WMB29R8U;
				GENERATE_INFOPLIST_FILE = YES;
				MARKETING_VERSION = 1.0;
				PRODUCT_BUNDLE_IDENTIFIER = com.codepath.InstagramUITests;
				PRODUCT_NAME = "$(TARGET_NAME)";
				SWIFT_EMIT_LOC_STRINGS = NO;
				TARGETED_DEVICE_FAMILY = "1,2";
				TEST_TARGET_NAME = Instagram;
			};
			name = Release;
		};
/* End XCBuildConfiguration section */

/* Begin XCConfigurationList section */
		04F75AA2286A4A3000F13236 /* Build configuration list for PBXProject "Instagram" */ = {
			isa = XCConfigurationList;
			buildConfigurations = (
				04F75AD4286A4A3100F13236 /* Debug */,
				04F75AD5286A4A3100F13236 /* Release */,
			);
			defaultConfigurationIsVisible = 0;
			defaultConfigurationName = Release;
		};
		04F75AD6286A4A3100F13236 /* Build configuration list for PBXNativeTarget "Instagram" */ = {
			isa = XCConfigurationList;
			buildConfigurations = (
				04F75AD7286A4A3100F13236 /* Debug */,
				04F75AD8286A4A3100F13236 /* Release */,
			);
			defaultConfigurationIsVisible = 0;
			defaultConfigurationName = Release;
		};
		04F75AD9286A4A3100F13236 /* Build configuration list for PBXNativeTarget "InstagramTests" */ = {
			isa = XCConfigurationList;
			buildConfigurations = (
				04F75ADA286A4A3100F13236 /* Debug */,
				04F75ADB286A4A3100F13236 /* Release */,
			);
			defaultConfigurationIsVisible = 0;
			defaultConfigurationName = Release;
		};
		04F75ADC286A4A3100F13236 /* Build configuration list for PBXNativeTarget "InstagramUITests" */ = {
			isa = XCConfigurationList;
			buildConfigurations = (
				04F75ADD286A4A3100F13236 /* Debug */,
				04F75ADE286A4A3100F13236 /* Release */,
			);
			defaultConfigurationIsVisible = 0;
			defaultConfigurationName = Release;
		};
/* End XCConfigurationList section */
	};
	rootObject = 04F75A9F286A4A3000F13236 /* Project object */;
}
